
Microsoft Visual Studio Solution File, Format Version 11.00
# Visual C++ Express 2010
Project("{8BC9CEB8-8B4A-11D0-8D11-00A0C91BC942}") = "openvpnserv", "src\openvpnserv\openvpnserv.vcxproj", "{9C91EE0B-817D-420A-A1E6-15A5A9D98BAD}"
EndProject
Project("{8BC9CEB8-8B4A-11D0-8D11-00A0C91BC942}") = "openvpn", "src\openvpn\openvpn.vcxproj", "{29DF226E-4D4E-440F-ADAF-5829CFD4CA94}"
EndProject
Project("{8BC9CEB8-8B4A-11D0-8D11-00A0C91BC942}") = "msvc-generate", "build\msvc\msvc-generate\msvc-generate.vcxproj", "{8598C2C8-34C4-47A1-99B0-7C295A890615}"
EndProject
Project("{8BC9CEB8-8B4A-11D0-8D11-00A0C91BC942}") = "compat", "src\compat\compat.vcxproj", "{4B2E2719-E661-45D7-9203-F6F456B22F19}"
EndProject
Global
	GlobalSection(SolutionConfigurationPlatforms) = preSolution
		Debug|Win32 = Debug|Win32
		Release|Win32 = Release|Win32
	EndGlobalSection
	GlobalSection(ProjectConfigurationPlatforms) = postSolution
		{9C91EE0B-817D-420A-A1E6-15A5A9D98BAD}.Debug|Win32.ActiveCfg = Debug|Win32
		{9C91EE0B-817D-420A-A1E6-15A5A9D98BAD}.Debug|Win32.Build.0 = Debug|Win32
		{9C91EE0B-817D-420A-A1E6-15A5A9D98BAD}.Release|Win32.ActiveCfg = Release|Win32
		{9C91EE0B-817D-420A-A1E6-15A5A9D98BAD}.Release|Win32.Build.0 = Release|Win32
		{29DF226E-4D4E-440F-ADAF-5829CFD4CA94}.Debug|Win32.ActiveCfg = Debug|Win32
		{29DF226E-4D4E-440F-ADAF-5829CFD4CA94}.Debug|Win32.Build.0 = Debug|Win32
		{29DF226E-4D4E-440F-ADAF-5829CFD4CA94}.Release|Win32.ActiveCfg = Release|Win32
		{29DF226E-4D4E-440F-ADAF-5829CFD4CA94}.Release|Win32.Build.0 = Release|Win32
		{8598C2C8-34C4-47A1-99B0-7C295A890615}.Debug|Win32.ActiveCfg = Debug|Win32
		{8598C2C8-34C4-47A1-99B0-7C295A890615}.Debug|Win32.Build.0 = Debug|Win32
		{8598C2C8-34C4-47A1-99B0-7C295A890615}.Release|Win32.ActiveCfg = Release|Win32
		{8598C2C8-34C4-47A1-99B0-7C295A890615}.Release|Win32.Build.0 = Release|Win32
		{4B2E2719-E661-45D7-9203-F6F456B22F19}.Debug|Win32.ActiveCfg = Debug|Win32
		{4B2E2719-E661-45D7-9203-F6F456B22F19}.Debug|Win32.Build.0 = Debug|Win32
		{4B2E2719-E661-45D7-9203-F6F456B22F19}.Release|Win32.ActiveCfg = Release|Win32
		{4B2E2719-E661-45D7-9203-F6F456B22F19}.Release|Win32.Build.0 = Release|Win32
	EndGlobalSection
	GlobalSection(SolutionProperties) = preSolution
		HideSolutionNode = FALSE
	EndGlobalSection
EndGlobal
