
Microsoft Visual Studio Solution File, Format Version 12.00
# Visual Studio 15
VisualStudioVersion = 15.0.28010.2026
MinimumVisualStudioVersion = 10.0.40219.1
Project("{8BC9CEB8-8B4A-11D0-8D11-00A0C91BC942}") = "openvpnserv", "src\openvpnserv\openvpnserv.vcxproj", "{9C91EE0B-817D-420A-A1E6-15A5A9D98BAD}"
EndProject
Project("{8BC9CEB8-8B4A-11D0-8D11-00A0C91BC942}") = "openvpn", "src\openvpn\openvpn.vcxproj", "{29DF226E-4D4E-440F-ADAF-5829CFD4CA94}"
EndProject
Project("{8BC9CEB8-8B4A-11D0-8D11-00A0C91BC942}") = "msvc-generate", "build\msvc\msvc-generate\msvc-generate.vcxproj", "{8598C2C8-34C4-47A1-99B0-7C295A890615}"
EndProject
Project("{8BC9CEB8-8B4A-11D0-8D11-00A0C91BC942}") = "compat", "src\compat\compat.vcxproj", "{4B2E2719-E661-45D7-9203-F6F456B22F19}"
EndProject
Project("{8BC9CEB8-8B4A-11D0-8D11-00A0C91BC942}") = "tapctl", "src\tapctl\tapctl.vcxproj", "{A06436E7-D576-490D-8BA0-0751D920334A}"
EndProject
Project("{8BC9CEB8-8B4A-11D0-8D11-00A0C91BC942}") = "openvpnmsica", "src\openvpnmsica\openvpnmsica.vcxproj", "{D41AA9D6-B818-476E-992E-0E16EB86BEE2}"
EndProject
Global
	GlobalSection(SolutionConfigurationPlatforms) = preSolution
		Debug|Win32 = Debug|Win32
		Debug|x64 = Debug|x64
		Release|Win32 = Release|Win32
		Release|x64 = Release|x64
	EndGlobalSection
	GlobalSection(ProjectConfigurationPlatforms) = postSolution
		{9C91EE0B-817D-420A-A1E6-15A5A9D98BAD}.Debug|Win32.ActiveCfg = Debug|Win32
		{9C91EE0B-817D-420A-A1E6-15A5A9D98BAD}.Debug|Win32.Build.0 = Debug|Win32
		{9C91EE0B-817D-420A-A1E6-15A5A9D98BAD}.Debug|x64.ActiveCfg = Debug|x64
		{9C91EE0B-817D-420A-A1E6-15A5A9D98BAD}.Debug|x64.Build.0 = Debug|x64
		{9C91EE0B-817D-420A-A1E6-15A5A9D98BAD}.Release|Win32.ActiveCfg = Release|Win32
		{9C91EE0B-817D-420A-A1E6-15A5A9D98BAD}.Release|Win32.Build.0 = Release|Win32
		{9C91EE0B-817D-420A-A1E6-15A5A9D98BAD}.Release|x64.ActiveCfg = Release|x64
		{9C91EE0B-817D-420A-A1E6-15A5A9D98BAD}.Release|x64.Build.0 = Release|x64
		{29DF226E-4D4E-440F-ADAF-5829CFD4CA94}.Debug|Win32.ActiveCfg = Debug|Win32
		{29DF226E-4D4E-440F-ADAF-5829CFD4CA94}.Debug|Win32.Build.0 = Debug|Win32
		{29DF226E-4D4E-440F-ADAF-5829CFD4CA94}.Debug|x64.ActiveCfg = Debug|x64
		{29DF226E-4D4E-440F-ADAF-5829CFD4CA94}.Debug|x64.Build.0 = Debug|x64
		{29DF226E-4D4E-440F-ADAF-5829CFD4CA94}.Release|Win32.ActiveCfg = Release|Win32
		{29DF226E-4D4E-440F-ADAF-5829CFD4CA94}.Release|Win32.Build.0 = Release|Win32
		{29DF226E-4D4E-440F-ADAF-5829CFD4CA94}.Release|x64.ActiveCfg = Release|x64
		{29DF226E-4D4E-440F-ADAF-5829CFD4CA94}.Release|x64.Build.0 = Release|x64
		{8598C2C8-34C4-47A1-99B0-7C295A890615}.Debug|Win32.ActiveCfg = Debug|Win32
		{8598C2C8-34C4-47A1-99B0-7C295A890615}.Debug|Win32.Build.0 = Debug|Win32
		{8598C2C8-34C4-47A1-99B0-7C295A890615}.Debug|x64.ActiveCfg = Debug|x64
		{8598C2C8-34C4-47A1-99B0-7C295A890615}.Debug|x64.Build.0 = Debug|x64
		{8598C2C8-34C4-47A1-99B0-7C295A890615}.Release|Win32.ActiveCfg = Release|Win32
		{8598C2C8-34C4-47A1-99B0-7C295A890615}.Release|Win32.Build.0 = Release|Win32
		{8598C2C8-34C4-47A1-99B0-7C295A890615}.Release|x64.ActiveCfg = Release|x64
		{8598C2C8-34C4-47A1-99B0-7C295A890615}.Release|x64.Build.0 = Release|x64
		{4B2E2719-E661-45D7-9203-F6F456B22F19}.Debug|Win32.ActiveCfg = Debug|Win32
		{4B2E2719-E661-45D7-9203-F6F456B22F19}.Debug|Win32.Build.0 = Debug|Win32
		{4B2E2719-E661-45D7-9203-F6F456B22F19}.Debug|x64.ActiveCfg = Debug|x64
		{4B2E2719-E661-45D7-9203-F6F456B22F19}.Debug|x64.Build.0 = Debug|x64
		{4B2E2719-E661-45D7-9203-F6F456B22F19}.Release|Win32.ActiveCfg = Release|Win32
		{4B2E2719-E661-45D7-9203-F6F456B22F19}.Release|Win32.Build.0 = Release|Win32
		{4B2E2719-E661-45D7-9203-F6F456B22F19}.Release|x64.ActiveCfg = Release|x64
		{4B2E2719-E661-45D7-9203-F6F456B22F19}.Release|x64.Build.0 = Release|x64
		{A06436E7-D576-490D-8BA0-0751D920334A}.Debug|Win32.ActiveCfg = Debug|Win32
		{A06436E7-D576-490D-8BA0-0751D920334A}.Debug|Win32.Build.0 = Debug|Win32
		{A06436E7-D576-490D-8BA0-0751D920334A}.Debug|x64.ActiveCfg = Debug|x64
		{A06436E7-D576-490D-8BA0-0751D920334A}.Debug|x64.Build.0 = Debug|x64
		{A06436E7-D576-490D-8BA0-0751D920334A}.Release|Win32.ActiveCfg = Release|Win32
		{A06436E7-D576-490D-8BA0-0751D920334A}.Release|Win32.Build.0 = Release|Win32
		{A06436E7-D576-490D-8BA0-0751D920334A}.Release|x64.ActiveCfg = Release|x64
		{A06436E7-D576-490D-8BA0-0751D920334A}.Release|x64.Build.0 = Release|x64
		{D41AA9D6-B818-476E-992E-0E16EB86BEE2}.Debug|Win32.ActiveCfg = Debug|Win32
		{D41AA9D6-B818-476E-992E-0E16EB86BEE2}.Debug|Win32.Build.0 = Debug|Win32
		{D41AA9D6-B818-476E-992E-0E16EB86BEE2}.Debug|x64.ActiveCfg = Debug|x64
		{D41AA9D6-B818-476E-992E-0E16EB86BEE2}.Debug|x64.Build.0 = Debug|x64
		{D41AA9D6-B818-476E-992E-0E16EB86BEE2}.Release|Win32.ActiveCfg = Release|Win32
		{D41AA9D6-B818-476E-992E-0E16EB86BEE2}.Release|Win32.Build.0 = Release|Win32
		{D41AA9D6-B818-476E-992E-0E16EB86BEE2}.Release|x64.ActiveCfg = Release|x64
		{D41AA9D6-B818-476E-992E-0E16EB86BEE2}.Release|x64.Build.0 = Release|x64
	EndGlobalSection
	GlobalSection(SolutionProperties) = preSolution
		HideSolutionNode = FALSE
	EndGlobalSection
	GlobalSection(ExtensibilityGlobals) = postSolution
		SolutionGuid = {EB3CE5D3-415C-46F0-96AB-E1CDA287AB6D}
	EndGlobalSection
EndGlobal
